{
  "nodes": {
    "nixpkgs": {
      "locked": {
        "lastModified": 1677990263,
        "narHash": "sha256-PqIXDd2C6HfqdUUp7VH2QP2k0j+QbtSTXOlVrg4NYAE=",
        "owner": "NixOS",
        "repo": "nixpkgs",
        "rev": "937da5b85d67a6ecc3dd7d11346e3170b6e4d2c0",
        "type": "github"
      },
      "original": {
        "owner": "NixOS",
        "repo": "nixpkgs",
        "type": "github"
      }
    },
    "root": {
      "inputs": {
        "nixpkgs": "nixpkgs"
      }
    }
  },
  "root": "root",
  "version": 7
}
